// !$*UTF8*$!
{
	archiveVersion = 1;
	classes = {
	};
	objectVersion = 46;
	objects = {

/* Begin PBXBuildFile section */
		22F647601F3DA45F00B40D88 /* ULogParser.swift in Sources */ = {isa = PBXBuildFile; fileRef = 22F6475F1F3DA45F00B40D88 /* ULogParser.swift */; };
		22F647621F3DA4EF00B40D88 /* ULogFormat.swift in Sources */ = {isa = PBXBuildFile; fileRef = 22F647611F3DA4EF00B40D88 /* ULogFormat.swift */; };
		22F647641F3DA55500B40D88 /* ULogMessage.swift in Sources */ = {isa = PBXBuildFile; fileRef = 22F647631F3DA55500B40D88 /* ULogMessage.swift */; };
		9FF695681F2BD5550078085E /* AppDelegate.swift in Sources */ = {isa = PBXBuildFile; fileRef = 9FF695671F2BD5550078085E /* AppDelegate.swift */; };
		9FF6956A1F2BD5550078085E /* ViewController.swift in Sources */ = {isa = PBXBuildFile; fileRef = 9FF695691F2BD5550078085E /* ViewController.swift */; };
		9FF6956C1F2BD5550078085E /* Assets.xcassets in Resources */ = {isa = PBXBuildFile; fileRef = 9FF6956B1F2BD5550078085E /* Assets.xcassets */; };
		9FF6956F1F2BD5550078085E /* Main.storyboard in Resources */ = {isa = PBXBuildFile; fileRef = 9FF6956D1F2BD5550078085E /* Main.storyboard */; };
/* End PBXBuildFile section */

/* Begin PBXFileReference section */
		22F6475F1F3DA45F00B40D88 /* ULogParser.swift */ = {isa = PBXFileReference; fileEncoding = 4; lastKnownFileType = sourcecode.swift; path = ULogParser.swift; sourceTree = "<group>"; };
		22F647611F3DA4EF00B40D88 /* ULogFormat.swift */ = {isa = PBXFileReference; fileEncoding = 4; lastKnownFileType = sourcecode.swift; path = ULogFormat.swift; sourceTree = "<group>"; };
		22F647631F3DA55500B40D88 /* ULogMessage.swift */ = {isa = PBXFileReference; fileEncoding = 4; lastKnownFileType = sourcecode.swift; path = ULogMessage.swift; sourceTree = "<group>"; };
		9FF695641F2BD5550078085E /* ulogReader.app */ = {isa = PBXFileReference; explicitFileType = wrapper.application; includeInIndex = 0; path = ulogReader.app; sourceTree = BUILT_PRODUCTS_DIR; };
		9FF695671F2BD5550078085E /* AppDelegate.swift */ = {isa = PBXFileReference; lastKnownFileType = sourcecode.swift; path = AppDelegate.swift; sourceTree = "<group>"; };
		9FF695691F2BD5550078085E /* ViewController.swift */ = {isa = PBXFileReference; lastKnownFileType = sourcecode.swift; path = ViewController.swift; sourceTree = "<group>"; };
		9FF6956B1F2BD5550078085E /* Assets.xcassets */ = {isa = PBXFileReference; lastKnownFileType = folder.assetcatalog; path = Assets.xcassets; sourceTree = "<group>"; };
		9FF6956E1F2BD5550078085E /* Base */ = {isa = PBXFileReference; lastKnownFileType = file.storyboard; name = Base; path = Base.lproj/Main.storyboard; sourceTree = "<group>"; };
		9FF695701F2BD5550078085E /* Info.plist */ = {isa = PBXFileReference; lastKnownFileType = text.plist.xml; path = Info.plist; sourceTree = "<group>"; };
/* End PBXFileReference section */

/* Begin PBXFrameworksBuildPhase section */
		9FF695611F2BD5550078085E /* Frameworks */ = {
			isa = PBXFrameworksBuildPhase;
			buildActionMask = 2147483647;
			files = (
			);
			runOnlyForDeploymentPostprocessing = 0;
		};
/* End PBXFrameworksBuildPhase section */

/* Begin PBXGroup section */
		9FF6955B1F2BD5550078085E = {
			isa = PBXGroup;
			children = (
				9FF695661F2BD5550078085E /* ulogReader */,
				9FF695651F2BD5550078085E /* Products */,
			);
			sourceTree = "<group>";
		};
		9FF695651F2BD5550078085E /* Products */ = {
			isa = PBXGroup;
			children = (
				9FF695641F2BD5550078085E /* ulogReader.app */,
			);
			name = Products;
			sourceTree = "<group>";
		};
		9FF695661F2BD5550078085E /* ulogReader */ = {
			isa = PBXGroup;
			children = (
				9FF695671F2BD5550078085E /* AppDelegate.swift */,
				22F647631F3DA55500B40D88 /* ULogMessage.swift */,
				22F6475F1F3DA45F00B40D88 /* ULogParser.swift */,
				22F647611F3DA4EF00B40D88 /* ULogFormat.swift */,
				9FF695691F2BD5550078085E /* ViewController.swift */,
				9FF6956B1F2BD5550078085E /* Assets.xcassets */,
				9FF6956D1F2BD5550078085E /* Main.storyboard */,
				9FF695701F2BD5550078085E /* Info.plist */,
			);
			path = ulogReader;
			sourceTree = "<group>";
		};
/* End PBXGroup section */

/* Begin PBXNativeTarget section */
		9FF695631F2BD5550078085E /* ulogReader */ = {
			isa = PBXNativeTarget;
			buildConfigurationList = 9FF695731F2BD5550078085E /* Build configuration list for PBXNativeTarget "ulogReader" */;
			buildPhases = (
				9FF695601F2BD5550078085E /* Sources */,
				9FF695611F2BD5550078085E /* Frameworks */,
				9FF695621F2BD5550078085E /* Resources */,
			);
			buildRules = (
			);
			dependencies = (
			);
			name = ulogReader;
			productName = ulogReader;
			productReference = 9FF695641F2BD5550078085E /* ulogReader.app */;
			productType = "com.apple.product-type.application";
		};
/* End PBXNativeTarget section */

/* Begin PBXProject section */
		9FF6955C1F2BD5550078085E /* Project object */ = {
			isa = PBXProject;
			attributes = {
				LastSwiftUpdateCheck = 0830;
				LastUpgradeCheck = 0830;
				ORGANIZATIONNAME = "Andreas Okholm";
				TargetAttributes = {
					9FF695631F2BD5550078085E = {
						CreatedOnToolsVersion = 8.3.3;
						DevelopmentTeam = 6SFA569UUR;
						ProvisioningStyle = Automatic;
					};
				};
			};
			buildConfigurationList = 9FF6955F1F2BD5550078085E /* Build configuration list for PBXProject "ulogReader" */;
			compatibilityVersion = "Xcode 3.2";
			developmentRegion = English;
			hasScannedForEncodings = 0;
			knownRegions = (
				en,
				Base,
			);
			mainGroup = 9FF6955B1F2BD5550078085E;
			productRefGroup = 9FF695651F2BD5550078085E /* Products */;
			projectDirPath = "";
			projectRoot = "";
			targets = (
				9FF695631F2BD5550078085E /* ulogReader */,
			);
		};
/* End PBXProject section */

/* Begin PBXResourcesBuildPhase section */
		9FF695621F2BD5550078085E /* Resources */ = {
			isa = PBXResourcesBuildPhase;
			buildActionMask = 2147483647;
			files = (
				9FF6956C1F2BD5550078085E /* Assets.xcassets in Resources */,
				9FF6956F1F2BD5550078085E /* Main.storyboard in Resources */,
			);
			runOnlyForDeploymentPostprocessing = 0;
		};
/* End PBXResourcesBuildPhase section */

/* Begin PBXSourcesBuildPhase section */
		9FF695601F2BD5550078085E /* Sources */ = {
			isa = PBXSourcesBuildPhase;
			buildActionMask = 2147483647;
			files = (
				9FF6956A1F2BD5550078085E /* ViewController.swift in Sources */,
				9FF695681F2BD5550078085E /* AppDelegate.swift in Sources */,
				22F647601F3DA45F00B40D88 /* ULogParser.swift in Sources */,
				22F647621F3DA4EF00B40D88 /* ULogFormat.swift in Sources */,
				22F647641F3DA55500B40D88 /* ULogMessage.swift in Sources */,
			);
			runOnlyForDeploymentPostprocessing = 0;
		};
/* End PBXSourcesBuildPhase section */

/* Begin PBXVariantGroup section */
		9FF6956D1F2BD5550078085E /* Main.storyboard */ = {
			isa = PBXVariantGroup;
			children = (
				9FF6956E1F2BD5550078085E /* Base */,
			);
			name = Main.storyboard;
			sourceTree = "<group>";
		};
/* End PBXVariantGroup section */

/* Begin XCBuildConfiguration section */
		9FF695711F2BD5550078085E /* Debug */ = {
			isa = XCBuildConfiguration;
			buildSettings = {
				ALWAYS_SEARCH_USER_PATHS = NO;
				CLANG_ANALYZER_NONNULL = YES;
				CLANG_ANALYZER_NUMBER_OBJECT_CONVERSION = YES_AGGRESSIVE;
				CLANG_CXX_LANGUAGE_STANDARD = "gnu++0x";
				CLANG_CXX_LIBRARY = "libc++";
				CLANG_ENABLE_MODULES = YES;
				CLANG_ENABLE_OBJC_ARC = YES;
				CLANG_WARN_BOOL_CONVERSION = YES;
				CLANG_WARN_CONSTANT_CONVERSION = YES;
				CLANG_WARN_DIRECT_OBJC_ISA_USAGE = YES_ERROR;
				CLANG_WARN_DOCUMENTATION_COMMENTS = YES;
				CLANG_WARN_EMPTY_BODY = YES;
				CLANG_WARN_ENUM_CONVERSION = YES;
				CLANG_WARN_INFINITE_RECURSION = YES;
				CLANG_WARN_INT_CONVERSION = YES;
				CLANG_WARN_OBJC_ROOT_CLASS = YES_ERROR;
				CLANG_WARN_SUSPICIOUS_MOVE = YES;
				CLANG_WARN_UNREACHABLE_CODE = YES;
				CLANG_WARN__DUPLICATE_METHOD_MATCH = YES;
				CODE_SIGN_IDENTITY = "-";
				COPY_PHASE_STRIP = NO;
				DEBUG_INFORMATION_FORMAT = dwarf;
				ENABLE_STRICT_OBJC_MSGSEND = YES;
				ENABLE_TESTABILITY = YES;
				GCC_C_LANGUAGE_STANDARD = gnu99;
				GCC_DYNAMIC_NO_PIC = NO;
				GCC_NO_COMMON_BLOCKS = YES;
				GCC_OPTIMIZATION_LEVEL = 0;
				GCC_PREPROCESSOR_DEFINITIONS = (
					"DEBUG=1",
					"$(inherited)",
				);
				GCC_WARN_64_TO_32_BIT_CONVERSION = YES;
				GCC_WARN_ABOUT_RETURN_TYPE = YES_ERROR;
				GCC_WARN_UNDECLARED_SELECTOR = YES;
				GCC_WARN_UNINITIALIZED_AUTOS = YES_AGGRESSIVE;
				GCC_WARN_UNUSED_FUNCTION = YES;
				GCC_WARN_UNUSED_VARIABLE = YES;
				MACOSX_DEPLOYMENT_TARGET = 10.12;
				MTL_ENABLE_DEBUG_INFO = YES;
				ONLY_ACTIVE_ARCH = YES;
				SDKROOT = macosx;
				SWIFT_ACTIVE_COMPILATION_CONDITIONS = DEBUG;
				SWIFT_OPTIMIZATION_LEVEL = "-Onone";
			};
			name = Debug;
		};
		9FF695721F2BD5550078085E /* Release */ = {
			isa = XCBuildConfiguration;
			buildSettings = {
				ALWAYS_SEARCH_USER_PATHS = NO;
				CLANG_ANALYZER_NONNULL = YES;
				CLANG_ANALYZER_NUMBER_OBJECT_CONVERSION = YES_AGGRESSIVE;
				CLANG_CXX_LANGUAGE_STANDARD = "gnu++0x";
				CLANG_CXX_LIBRARY = "libc++";
				CLANG_ENABLE_MODULES = YES;
				CLANG_ENABLE_OBJC_ARC = YES;
				CLANG_WARN_BOOL_CONVERSION = YES;
				CLANG_WARN_CONSTANT_CONVERSION = YES;
				CLANG_WARN_DIRECT_OBJC_ISA_USAGE = YES_ERROR;
				CLANG_WARN_DOCUMENTATION_COMMENTS = YES;
				CLANG_WARN_EMPTY_BODY = YES;
				CLANG_WARN_ENUM_CONVERSION = YES;
				CLANG_WARN_INFINITE_RECURSION = YES;
				CLANG_WARN_INT_CONVERSION = YES;
				CLANG_WARN_OBJC_ROOT_CLASS = YES_ERROR;
				CLANG_WARN_SUSPICIOUS_MOVE = YES;
				CLANG_WARN_UNREACHABLE_CODE = YES;
				CLANG_WARN__DUPLICATE_METHOD_MATCH = YES;
				CODE_SIGN_IDENTITY = "-";
				COPY_PHASE_STRIP = NO;
				DEBUG_INFORMATION_FORMAT = "dwarf-with-dsym";
				ENABLE_NS_ASSERTIONS = NO;
				ENABLE_STRICT_OBJC_MSGSEND = YES;
				GCC_C_LANGUAGE_STANDARD = gnu99;
				GCC_NO_COMMON_BLOCKS = YES;
				GCC_WARN_64_TO_32_BIT_CONVERSION = YES;
				GCC_WARN_ABOUT_RETURN_TYPE = YES_ERROR;
				GCC_WARN_UNDECLARED_SELECTOR = YES;
				GCC_WARN_UNINITIALIZED_AUTOS = YES_AGGRESSIVE;
				GCC_WARN_UNUSED_FUNCTION = YES;
				GCC_WARN_UNUSED_VARIABLE = YES;
				MACOSX_DEPLOYMENT_TARGET = 10.12;
				MTL_ENABLE_DEBUG_INFO = NO;
				SDKROOT = macosx;
				SWIFT_OPTIMIZATION_LEVEL = "-Owholemodule";
			};
			name = Release;
		};
		9FF695741F2BD5550078085E /* Debug */ = {
			isa = XCBuildConfiguration;
			buildSettings = {
				ASSETCATALOG_COMPILER_APPICON_NAME = AppIcon;
				COMBINE_HIDPI_IMAGES = YES;
				DEVELOPMENT_TEAM = 6SFA569UUR;
				INFOPLIST_FILE = ulogReader/Info.plist;
				LD_RUNPATH_SEARCH_PATHS = "$(inherited) @executable_path/../Frameworks";
				PRODUCT_BUNDLE_IDENTIFIER = tech.kitex.ulogReader;
				PRODUCT_NAME = "$(TARGET_NAME)";
				SWIFT_VERSION = 3.0;
			};
			name = Debug;
		};
		9FF695751F2BD5550078085E /* Release */ = {
			isa = XCBuildConfiguration;
			buildSettings = {
				ASSETCATALOG_COMPILER_APPICON_NAME = AppIcon;
				COMBINE_HIDPI_IMAGES = YES;
				DEVELOPMENT_TEAM = 6SFA569UUR;
				INFOPLIST_FILE = ulogReader/Info.plist;
				LD_RUNPATH_SEARCH_PATHS = "$(inherited) @executable_path/../Frameworks";
				PRODUCT_BUNDLE_IDENTIFIER = tech.kitex.ulogReader;
				PRODUCT_NAME = "$(TARGET_NAME)";
				SWIFT_VERSION = 3.0;
			};
			name = Release;
		};
/* End XCBuildConfiguration section */

/* Begin XCConfigurationList section */
		9FF6955F1F2BD5550078085E /* Build configuration list for PBXProject "ulogReader" */ = {
			isa = XCConfigurationList;
			buildConfigurations = (
				9FF695711F2BD5550078085E /* Debug */,
				9FF695721F2BD5550078085E /* Release */,
			);
			defaultConfigurationIsVisible = 0;
			defaultConfigurationName = Release;
		};
		9FF695731F2BD5550078085E /* Build configuration list for PBXNativeTarget "ulogReader" */ = {
			isa = XCConfigurationList;
			buildConfigurations = (
				9FF695741F2BD5550078085E /* Debug */,
				9FF695751F2BD5550078085E /* Release */,
			);
			defaultConfigurationIsVisible = 0;
			defaultConfigurationName = Release;
		};
/* End XCConfigurationList section */
	};
	rootObject = 9FF6955C1F2BD5550078085E /* Project object */;
}
